// !$*UTF8*$!
{
	archiveVersion = 1;
	classes = {
	};
	objectVersion = 51;
	objects = {

/* Begin PBXBuildFile section */
		3A4D96228744B26AF093FBBC /* Pods_Directory.framework in Frameworks */ = {isa = PBXBuildFile; fileRef = 5C806FA5436F1E7D92B131C1 /* Pods_Directory.framework */; };
		574447802CB69B65062AFA39 /* Pods_CommonTests.framework in Frameworks */ = {isa = PBXBuildFile; fileRef = 39C18A1C1064C434BCC58B81 /* Pods_CommonTests.framework */; };
		642973EB2537B0870022211B /* AppDelegate.swift in Sources */ = {isa = PBXBuildFile; fileRef = 642973EA2537B0870022211B /* AppDelegate.swift */; };
		642973F42537B0890022211B /* Assets.xcassets in Resources */ = {isa = PBXBuildFile; fileRef = 642973F32537B0890022211B /* Assets.xcassets */; };
		642974022537B0890022211B /* StargazerDirectoryTests.swift in Sources */ = {isa = PBXBuildFile; fileRef = 642974012537B0890022211B /* StargazerDirectoryTests.swift */; };
		6429741E2537BAD30022211B /* AppResolver.swift in Sources */ = {isa = PBXBuildFile; fileRef = 6429741D2537BAD30022211B /* AppResolver.swift */; };
		642974222537BBD10022211B /* LaunchScreen.storyboard in Resources */ = {isa = PBXBuildFile; fileRef = 642974212537BBD10022211B /* LaunchScreen.storyboard */; };
		6429743A2538283A0022211B /* Common.framework in Frameworks */ = {isa = PBXBuildFile; fileRef = 642974312538283A0022211B /* Common.framework */; };
		642974432538283A0022211B /* Common.h in Headers */ = {isa = PBXBuildFile; fileRef = 642974332538283A0022211B /* Common.h */; settings = {ATTRIBUTES = (Public, ); }; };
		642974462538283A0022211B /* Common.framework in Frameworks */ = {isa = PBXBuildFile; fileRef = 642974312538283A0022211B /* Common.framework */; };
		642974472538283A0022211B /* Common.framework in Embed Frameworks */ = {isa = PBXBuildFile; fileRef = 642974312538283A0022211B /* Common.framework */; settings = {ATTRIBUTES = (CodeSignOnCopy, RemoveHeadersOnCopy, ); }; };
		6429745D2538286A0022211B /* Directory.framework in Frameworks */ = {isa = PBXBuildFile; fileRef = 642974542538286A0022211B /* Directory.framework */; };
		642974662538286A0022211B /* Directory.h in Headers */ = {isa = PBXBuildFile; fileRef = 642974562538286A0022211B /* Directory.h */; settings = {ATTRIBUTES = (Public, ); }; };
		642974692538286A0022211B /* Directory.framework in Frameworks */ = {isa = PBXBuildFile; fileRef = 642974542538286A0022211B /* Directory.framework */; };
		6429746A2538286A0022211B /* Directory.framework in Embed Frameworks */ = {isa = PBXBuildFile; fileRef = 642974542538286A0022211B /* Directory.framework */; settings = {ATTRIBUTES = (CodeSignOnCopy, RemoveHeadersOnCopy, ); }; };
		6429747C25390C9B0022211B /* DirectoryCoordinator.swift in Sources */ = {isa = PBXBuildFile; fileRef = 6429747B25390C9B0022211B /* DirectoryCoordinator.swift */; };
		6429747D25390CA40022211B /* Resources.swift in Sources */ = {isa = PBXBuildFile; fileRef = 642974152537B7EE0022211B /* Resources.swift */; };
		6429747E25390CA90022211B /* UiViewController+UIStoryboard.swift in Sources */ = {isa = PBXBuildFile; fileRef = 642974172537BA700022211B /* UiViewController+UIStoryboard.swift */; };
		6429747F25390CA90022211B /* UIView+Autolayout.swift in Sources */ = {isa = PBXBuildFile; fileRef = 642974192537BA840022211B /* UIView+Autolayout.swift */; };
		6429748025390CA90022211B /* UIViewController+BackArrowOnly.swift in Sources */ = {isa = PBXBuildFile; fileRef = 6429741B2537BA980022211B /* UIViewController+BackArrowOnly.swift */; };
		6429748125390CC20022211B /* SearchViewController.swift in Sources */ = {isa = PBXBuildFile; fileRef = 642974282537BCA40022211B /* SearchViewController.swift */; };
		6429748325390CC90022211B /* ListViewController.swift in Sources */ = {isa = PBXBuildFile; fileRef = 642973EE2537B0870022211B /* ListViewController.swift */; };
		6429748525390CF30022211B /* Directory.storyboard in Resources */ = {isa = PBXBuildFile; fileRef = 6429748425390CF30022211B /* Directory.storyboard */; };
		64609412253BA53B004ADF30 /* StargazerModel.swift in Sources */ = {isa = PBXBuildFile; fileRef = 64609411253BA53B004ADF30 /* StargazerModel.swift */; };
		64609414253BB673004ADF30 /* ListViewCell.swift in Sources */ = {isa = PBXBuildFile; fileRef = 64609413253BB673004ADF30 /* ListViewCell.swift */; };
		64609416253C23A4004ADF30 /* ListViewData.swift in Sources */ = {isa = PBXBuildFile; fileRef = 64609415253C23A4004ADF30 /* ListViewData.swift */; };
		6460941A253C3F02004ADF30 /* SearchViewData.swift in Sources */ = {isa = PBXBuildFile; fileRef = 64609419253C3F02004ADF30 /* SearchViewData.swift */; };
		6460941C253C85F9004ADF30 /* ValidationRuleProtocol.swift in Sources */ = {isa = PBXBuildFile; fileRef = 6460941B253C85F9004ADF30 /* ValidationRuleProtocol.swift */; };
		64609420253C86F5004ADF30 /* String+Regex.swift in Sources */ = {isa = PBXBuildFile; fileRef = 6460941F253C86F5004ADF30 /* String+Regex.swift */; };
		64609426253C9B37004ADF30 /* ValidationProtocol.swift in Sources */ = {isa = PBXBuildFile; fileRef = 64609425253C9B37004ADF30 /* ValidationProtocol.swift */; };
		6460942B253CB77E004ADF30 /* SearchModel.swift in Sources */ = {isa = PBXBuildFile; fileRef = 6460942A253CB77E004ADF30 /* SearchModel.swift */; };
		6460942E253CF5E6004ADF30 /* Localizable.strings in Resources */ = {isa = PBXBuildFile; fileRef = 642974272537BC130022211B /* Localizable.strings */; };
		64609430253D1C5B004ADF30 /* ListViewDatasource.swift in Sources */ = {isa = PBXBuildFile; fileRef = 6460942F253D1C5A004ADF30 /* ListViewDatasource.swift */; };
		64609441253D3634004ADF30 /* NetworkService.swift in Sources */ = {isa = PBXBuildFile; fileRef = 64A59331253B45AF0021E104 /* NetworkService.swift */; };
		64609442253D36CD004ADF30 /* StorageUtils.swift in Sources */ = {isa = PBXBuildFile; fileRef = 64609432253D30DC004ADF30 /* StorageUtils.swift */; };
		64609443253D36D0004ADF30 /* StargazerModelsMock.json in Resources */ = {isa = PBXBuildFile; fileRef = 64609439253D3406004ADF30 /* StargazerModelsMock.json */; };
		64609445253D36E7004ADF30 /* ApiDecodingTests.swift in Sources */ = {isa = PBXBuildFile; fileRef = 64609444253D36E7004ADF30 /* ApiDecodingTests.swift */; };
		64609447253D376B004ADF30 /* NetworkServiceMock.swift in Sources */ = {isa = PBXBuildFile; fileRef = 64609446253D376B004ADF30 /* NetworkServiceMock.swift */; };
		64609448253D385F004ADF30 /* ApiService.swift in Sources */ = {isa = PBXBuildFile; fileRef = 64A59333253B46210021E104 /* ApiService.swift */; };
		6460944A253D3A1A004ADF30 /* ApiServiceMock.swift in Sources */ = {isa = PBXBuildFile; fileRef = 64609449253D3A1A004ADF30 /* ApiServiceMock.swift */; };
		6460944D253D3B60004ADF30 /* DirectoryTests.swift in Sources */ = {isa = PBXBuildFile; fileRef = 6460944C253D3B60004ADF30 /* DirectoryTests.swift */; };
		6460944F253D3EEA004ADF30 /* ValidationMandatoryRule.swift in Sources */ = {isa = PBXBuildFile; fileRef = 6460941D253C867C004ADF30 /* ValidationMandatoryRule.swift */; };
		64609450253D3EED004ADF30 /* ValidationWithoutWhitespaceRule.swift in Sources */ = {isa = PBXBuildFile; fileRef = 64609421253C91FA004ADF30 /* ValidationWithoutWhitespaceRule.swift */; };
		64609451253D3EF1004ADF30 /* Validator.swift in Sources */ = {isa = PBXBuildFile; fileRef = 64609428253C9C11004ADF30 /* Validator.swift */; };
		64609453253D4063004ADF30 /* ValidatorTests.swift in Sources */ = {isa = PBXBuildFile; fileRef = 64609452253D4063004ADF30 /* ValidatorTests.swift */; };
		64609455253D40E9004ADF30 /* ValidationRuleMock.swift in Sources */ = {isa = PBXBuildFile; fileRef = 64609454253D40E9004ADF30 /* ValidationRuleMock.swift */; };
		64A59318253AE0A40021E104 /* AppConfigModel.swift in Sources */ = {isa = PBXBuildFile; fileRef = 64A59317253AE0A30021E104 /* AppConfigModel.swift */; };
		64A5931A253AF5D80021E104 /* DependencyResolverProtocol.swift in Sources */ = {isa = PBXBuildFile; fileRef = 64A59319253AF5D80021E104 /* DependencyResolverProtocol.swift */; };
		64A5931C253B04C20021E104 /* NetworkProtocol.swift in Sources */ = {isa = PBXBuildFile; fileRef = 64A5931B253B04C20021E104 /* NetworkProtocol.swift */; };
		64A59320253B055A0021E104 /* APIProtocol.swift in Sources */ = {isa = PBXBuildFile; fileRef = 64A5931F253B055A0021E104 /* APIProtocol.swift */; };
		64A59323253B08410021E104 /* DependencyResolverProtocol+Directory.swift in Sources */ = {isa = PBXBuildFile; fileRef = 64A59322253B08410021E104 /* DependencyResolverProtocol+Directory.swift */; };
		64A59325253B2D2E0021E104 /* SearchPresenter.swift in Sources */ = {isa = PBXBuildFile; fileRef = 64A59324253B2D2E0021E104 /* SearchPresenter.swift */; };
		64A59327253B2D3F0021E104 /* ListPresenter.swift in Sources */ = {isa = PBXBuildFile; fileRef = 64A59326253B2D3F0021E104 /* ListPresenter.swift */; };
		64A5932E253B38160021E104 /* CommonTypes.swift in Sources */ = {isa = PBXBuildFile; fileRef = 64A5932D253B38160021E104 /* CommonTypes.swift */; };
		64A59330253B387F0021E104 /* CoordinatorProtocol.swift in Sources */ = {isa = PBXBuildFile; fileRef = 64A5932F253B387F0021E104 /* CoordinatorProtocol.swift */; };
		AAA203383113113BBF698F1C /* Pods_Common.framework in Frameworks */ = {isa = PBXBuildFile; fileRef = 5F79DB90D645E38CB58C273E /* Pods_Common.framework */; };
		CC84D69871E7A6115FAFFAD2 /* Pods_StargazerDirectoryTests.framework in Frameworks */ = {isa = PBXBuildFile; fileRef = 7B11FCB59D20AA2BD3BC2208 /* Pods_StargazerDirectoryTests.framework */; };
		E50ED5FC2E1D0169CD9F58F5 /* Pods_StargazerDirectory.framework in Frameworks */ = {isa = PBXBuildFile; fileRef = 823E6F87E9C569A79449E331 /* Pods_StargazerDirectory.framework */; };
		E7F3ECFA49DDF764BF6A6E00 /* Pods_DirectoryTests.framework in Frameworks */ = {isa = PBXBuildFile; fileRef = 3DFEEC11238C873A0C8E4295 /* Pods_DirectoryTests.framework */; };
/* End PBXBuildFile section */

/* Begin PBXContainerItemProxy section */
		642973FE2537B0890022211B /* PBXContainerItemProxy */ = {
			isa = PBXContainerItemProxy;
			containerPortal = 642973DF2537B0870022211B /* Project object */;
			proxyType = 1;
			remoteGlobalIDString = 642973E62537B0870022211B;
			remoteInfo = StargazerDirectory;
		};
		6429743B2538283A0022211B /* PBXContainerItemProxy */ = {
			isa = PBXContainerItemProxy;
			containerPortal = 642973DF2537B0870022211B /* Project object */;
			proxyType = 1;
			remoteGlobalIDString = 642974302538283A0022211B;
			remoteInfo = Common;
		};
		6429743D2538283A0022211B /* PBXContainerItemProxy */ = {
			isa = PBXContainerItemProxy;
			containerPortal = 642973DF2537B0870022211B /* Project object */;
			proxyType = 1;
			remoteGlobalIDString = 642973E62537B0870022211B;
			remoteInfo = StargazerDirectory;
		};
		642974442538283A0022211B /* PBXContainerItemProxy */ = {
			isa = PBXContainerItemProxy;
			containerPortal = 642973DF2537B0870022211B /* Project object */;
			proxyType = 1;
			remoteGlobalIDString = 642974302538283A0022211B;
			remoteInfo = Common;
		};
		6429745E2538286A0022211B /* PBXContainerItemProxy */ = {
			isa = PBXContainerItemProxy;
			containerPortal = 642973DF2537B0870022211B /* Project object */;
			proxyType = 1;
			remoteGlobalIDString = 642974532538286A0022211B;
			remoteInfo = Directory;
		};
		642974602538286A0022211B /* PBXContainerItemProxy */ = {
			isa = PBXContainerItemProxy;
			containerPortal = 642973DF2537B0870022211B /* Project object */;
			proxyType = 1;
			remoteGlobalIDString = 642973E62537B0870022211B;
			remoteInfo = StargazerDirectory;
		};
		642974672538286A0022211B /* PBXContainerItemProxy */ = {
			isa = PBXContainerItemProxy;
			containerPortal = 642973DF2537B0870022211B /* Project object */;
			proxyType = 1;
			remoteGlobalIDString = 642974532538286A0022211B;
			remoteInfo = Directory;
		};
/* End PBXContainerItemProxy section */

/* Begin PBXCopyFilesBuildPhase section */
		6429744B2538283A0022211B /* Embed Frameworks */ = {
			isa = PBXCopyFilesBuildPhase;
			buildActionMask = 2147483647;
			dstPath = "";
			dstSubfolderSpec = 10;
			files = (
				6429746A2538286A0022211B /* Directory.framework in Embed Frameworks */,
				642974472538283A0022211B /* Common.framework in Embed Frameworks */,
			);
			name = "Embed Frameworks";
			runOnlyForDeploymentPostprocessing = 0;
		};
/* End PBXCopyFilesBuildPhase section */

/* Begin PBXFileReference section */
		09ACE4AA76741059F97D7539 /* Pods-Directory.debug.xcconfig */ = {isa = PBXFileReference; includeInIndex = 1; lastKnownFileType = text.xcconfig; name = "Pods-Directory.debug.xcconfig"; path = "Target Support Files/Pods-Directory/Pods-Directory.debug.xcconfig"; sourceTree = "<group>"; };
		0B51D2E01FFCB8FE9FB939F1 /* Pods-CommonTests.release.xcconfig */ = {isa = PBXFileReference; includeInIndex = 1; lastKnownFileType = text.xcconfig; name = "Pods-CommonTests.release.xcconfig"; path = "Target Support Files/Pods-CommonTests/Pods-CommonTests.release.xcconfig"; sourceTree = "<group>"; };
		105734B3DAF8D4F357EF3D3F /* Pods-DirectoryTests.release.xcconfig */ = {isa = PBXFileReference; includeInIndex = 1; lastKnownFileType = text.xcconfig; name = "Pods-DirectoryTests.release.xcconfig"; path = "Target Support Files/Pods-DirectoryTests/Pods-DirectoryTests.release.xcconfig"; sourceTree = "<group>"; };
		337A38105CCEB610D20863B4 /* Pods-StargazerDirectory.debug.xcconfig */ = {isa = PBXFileReference; includeInIndex = 1; lastKnownFileType = text.xcconfig; name = "Pods-StargazerDirectory.debug.xcconfig"; path = "Target Support Files/Pods-StargazerDirectory/Pods-StargazerDirectory.debug.xcconfig"; sourceTree = "<group>"; };
		39C18A1C1064C434BCC58B81 /* Pods_CommonTests.framework */ = {isa = PBXFileReference; explicitFileType = wrapper.framework; includeInIndex = 0; path = Pods_CommonTests.framework; sourceTree = BUILT_PRODUCTS_DIR; };
		3DFEEC11238C873A0C8E4295 /* Pods_DirectoryTests.framework */ = {isa = PBXFileReference; explicitFileType = wrapper.framework; includeInIndex = 0; path = Pods_DirectoryTests.framework; sourceTree = BUILT_PRODUCTS_DIR; };
		41874CCDCF5DDCCCCF81D227 /* Pods-DirectoryTests.debug.xcconfig */ = {isa = PBXFileReference; includeInIndex = 1; lastKnownFileType = text.xcconfig; name = "Pods-DirectoryTests.debug.xcconfig"; path = "Target Support Files/Pods-DirectoryTests/Pods-DirectoryTests.debug.xcconfig"; sourceTree = "<group>"; };
		4D397297C8B26CCF254E66AC /* Pods-CommonTests.debug.xcconfig */ = {isa = PBXFileReference; includeInIndex = 1; lastKnownFileType = text.xcconfig; name = "Pods-CommonTests.debug.xcconfig"; path = "Target Support Files/Pods-CommonTests/Pods-CommonTests.debug.xcconfig"; sourceTree = "<group>"; };
		5C806FA5436F1E7D92B131C1 /* Pods_Directory.framework */ = {isa = PBXFileReference; explicitFileType = wrapper.framework; includeInIndex = 0; path = Pods_Directory.framework; sourceTree = BUILT_PRODUCTS_DIR; };
		5F79DB90D645E38CB58C273E /* Pods_Common.framework */ = {isa = PBXFileReference; explicitFileType = wrapper.framework; includeInIndex = 0; path = Pods_Common.framework; sourceTree = BUILT_PRODUCTS_DIR; };
		642973E72537B0870022211B /* StargazerDirectory.app */ = {isa = PBXFileReference; explicitFileType = wrapper.application; includeInIndex = 0; path = StargazerDirectory.app; sourceTree = BUILT_PRODUCTS_DIR; };
		642973EA2537B0870022211B /* AppDelegate.swift */ = {isa = PBXFileReference; lastKnownFileType = sourcecode.swift; path = AppDelegate.swift; sourceTree = "<group>"; };
		642973EE2537B0870022211B /* ListViewController.swift */ = {isa = PBXFileReference; lastKnownFileType = sourcecode.swift; path = ListViewController.swift; sourceTree = "<group>"; };
		642973F32537B0890022211B /* Assets.xcassets */ = {isa = PBXFileReference; lastKnownFileType = folder.assetcatalog; path = Assets.xcassets; sourceTree = "<group>"; };
		642973F82537B0890022211B /* Info.plist */ = {isa = PBXFileReference; lastKnownFileType = text.plist.xml; path = Info.plist; sourceTree = "<group>"; };
		642973FD2537B0890022211B /* StargazerDirectoryTests.xctest */ = {isa = PBXFileReference; explicitFileType = wrapper.cfbundle; includeInIndex = 0; path = StargazerDirectoryTests.xctest; sourceTree = BUILT_PRODUCTS_DIR; };
		642974012537B0890022211B /* StargazerDirectoryTests.swift */ = {isa = PBXFileReference; lastKnownFileType = sourcecode.swift; path = StargazerDirectoryTests.swift; sourceTree = "<group>"; };
		642974032537B0890022211B /* Info.plist */ = {isa = PBXFileReference; lastKnownFileType = text.plist.xml; path = Info.plist; sourceTree = "<group>"; };
		642974152537B7EE0022211B /* Resources.swift */ = {isa = PBXFileReference; lastKnownFileType = sourcecode.swift; path = Resources.swift; sourceTree = "<group>"; };
		642974172537BA700022211B /* UiViewController+UIStoryboard.swift */ = {isa = PBXFileReference; lastKnownFileType = sourcecode.swift; path = "UiViewController+UIStoryboard.swift"; sourceTree = "<group>"; };
		642974192537BA840022211B /* UIView+Autolayout.swift */ = {isa = PBXFileReference; lastKnownFileType = sourcecode.swift; path = "UIView+Autolayout.swift"; sourceTree = "<group>"; };
		6429741B2537BA980022211B /* UIViewController+BackArrowOnly.swift */ = {isa = PBXFileReference; lastKnownFileType = sourcecode.swift; path = "UIViewController+BackArrowOnly.swift"; sourceTree = "<group>"; };
		6429741D2537BAD30022211B /* AppResolver.swift */ = {isa = PBXFileReference; lastKnownFileType = sourcecode.swift; path = AppResolver.swift; sourceTree = "<group>"; };
		642974212537BBD10022211B /* LaunchScreen.storyboard */ = {isa = PBXFileReference; lastKnownFileType = file.storyboard; path = LaunchScreen.storyboard; sourceTree = "<group>"; };
		642974262537BC130022211B /* en */ = {isa = PBXFileReference; lastKnownFileType = text.plist.strings; name = en; path = en.lproj/Localizable.strings; sourceTree = "<group>"; };
		642974282537BCA40022211B /* SearchViewController.swift */ = {isa = PBXFileReference; lastKnownFileType = sourcecode.swift; path = SearchViewController.swift; sourceTree = "<group>"; };
		642974312538283A0022211B /* Common.framework */ = {isa = PBXFileReference; explicitFileType = wrapper.framework; includeInIndex = 0; path = Common.framework; sourceTree = BUILT_PRODUCTS_DIR; };
		642974332538283A0022211B /* Common.h */ = {isa = PBXFileReference; lastKnownFileType = sourcecode.c.h; path = Common.h; sourceTree = "<group>"; };
		642974342538283A0022211B /* Info.plist */ = {isa = PBXFileReference; lastKnownFileType = text.plist.xml; path = Info.plist; sourceTree = "<group>"; };
		642974392538283A0022211B /* CommonTests.xctest */ = {isa = PBXFileReference; explicitFileType = wrapper.cfbundle; includeInIndex = 0; path = CommonTests.xctest; sourceTree = BUILT_PRODUCTS_DIR; };
		642974422538283A0022211B /* Info.plist */ = {isa = PBXFileReference; lastKnownFileType = text.plist.xml; path = Info.plist; sourceTree = "<group>"; };
		642974542538286A0022211B /* Directory.framework */ = {isa = PBXFileReference; explicitFileType = wrapper.framework; includeInIndex = 0; path = Directory.framework; sourceTree = BUILT_PRODUCTS_DIR; };
		642974562538286A0022211B /* Directory.h */ = {isa = PBXFileReference; lastKnownFileType = sourcecode.c.h; path = Directory.h; sourceTree = "<group>"; };
		642974572538286A0022211B /* Info.plist */ = {isa = PBXFileReference; lastKnownFileType = text.plist.xml; path = Info.plist; sourceTree = "<group>"; };
		6429745C2538286A0022211B /* DirectoryTests.xctest */ = {isa = PBXFileReference; explicitFileType = wrapper.cfbundle; includeInIndex = 0; path = DirectoryTests.xctest; sourceTree = BUILT_PRODUCTS_DIR; };
		642974652538286A0022211B /* Info.plist */ = {isa = PBXFileReference; lastKnownFileType = text.plist.xml; path = Info.plist; sourceTree = "<group>"; };
		6429747B25390C9B0022211B /* DirectoryCoordinator.swift */ = {isa = PBXFileReference; lastKnownFileType = sourcecode.swift; path = DirectoryCoordinator.swift; sourceTree = "<group>"; };
		6429748425390CF30022211B /* Directory.storyboard */ = {isa = PBXFileReference; fileEncoding = 4; lastKnownFileType = file.storyboard; path = Directory.storyboard; sourceTree = "<group>"; };
		64609411253BA53B004ADF30 /* StargazerModel.swift */ = {isa = PBXFileReference; lastKnownFileType = sourcecode.swift; path = StargazerModel.swift; sourceTree = "<group>"; };
		64609413253BB673004ADF30 /* ListViewCell.swift */ = {isa = PBXFileReference; lastKnownFileType = sourcecode.swift; path = ListViewCell.swift; sourceTree = "<group>"; };
		64609415253C23A4004ADF30 /* ListViewData.swift */ = {isa = PBXFileReference; lastKnownFileType = sourcecode.swift; path = ListViewData.swift; sourceTree = "<group>"; };
		64609419253C3F02004ADF30 /* SearchViewData.swift */ = {isa = PBXFileReference; lastKnownFileType = sourcecode.swift; path = SearchViewData.swift; sourceTree = "<group>"; };
		6460941B253C85F9004ADF30 /* ValidationRuleProtocol.swift */ = {isa = PBXFileReference; lastKnownFileType = sourcecode.swift; path = ValidationRuleProtocol.swift; sourceTree = "<group>"; };
		6460941D253C867C004ADF30 /* ValidationMandatoryRule.swift */ = {isa = PBXFileReference; lastKnownFileType = sourcecode.swift; path = ValidationMandatoryRule.swift; sourceTree = "<group>"; };
		6460941F253C86F5004ADF30 /* String+Regex.swift */ = {isa = PBXFileReference; lastKnownFileType = sourcecode.swift; path = "String+Regex.swift"; sourceTree = "<group>"; };
		64609421253C91FA004ADF30 /* ValidationWithoutWhitespaceRule.swift */ = {isa = PBXFileReference; lastKnownFileType = sourcecode.swift; path = ValidationWithoutWhitespaceRule.swift; sourceTree = "<group>"; };
		64609425253C9B37004ADF30 /* ValidationProtocol.swift */ = {isa = PBXFileReference; lastKnownFileType = sourcecode.swift; path = ValidationProtocol.swift; sourceTree = "<group>"; };
		64609428253C9C11004ADF30 /* Validator.swift */ = {isa = PBXFileReference; lastKnownFileType = sourcecode.swift; path = Validator.swift; sourceTree = "<group>"; };
		6460942A253CB77E004ADF30 /* SearchModel.swift */ = {isa = PBXFileReference; lastKnownFileType = sourcecode.swift; path = SearchModel.swift; sourceTree = "<group>"; };
		6460942F253D1C5A004ADF30 /* ListViewDatasource.swift */ = {isa = PBXFileReference; lastKnownFileType = sourcecode.swift; path = ListViewDatasource.swift; sourceTree = "<group>"; };
		64609432253D30DC004ADF30 /* StorageUtils.swift */ = {isa = PBXFileReference; lastKnownFileType = sourcecode.swift; path = StorageUtils.swift; sourceTree = "<group>"; };
		64609439253D3406004ADF30 /* StargazerModelsMock.json */ = {isa = PBXFileReference; lastKnownFileType = text.json; path = StargazerModelsMock.json; sourceTree = "<group>"; };
		64609444253D36E7004ADF30 /* ApiDecodingTests.swift */ = {isa = PBXFileReference; lastKnownFileType = sourcecode.swift; path = ApiDecodingTests.swift; sourceTree = "<group>"; };
		64609446253D376B004ADF30 /* NetworkServiceMock.swift */ = {isa = PBXFileReference; lastKnownFileType = sourcecode.swift; path = NetworkServiceMock.swift; sourceTree = "<group>"; };
		64609449253D3A1A004ADF30 /* ApiServiceMock.swift */ = {isa = PBXFileReference; lastKnownFileType = sourcecode.swift; path = ApiServiceMock.swift; sourceTree = "<group>"; };
		6460944C253D3B60004ADF30 /* DirectoryTests.swift */ = {isa = PBXFileReference; lastKnownFileType = sourcecode.swift; path = DirectoryTests.swift; sourceTree = "<group>"; };
		64609452253D4063004ADF30 /* ValidatorTests.swift */ = {isa = PBXFileReference; lastKnownFileType = sourcecode.swift; path = ValidatorTests.swift; sourceTree = "<group>"; };
		64609454253D40E9004ADF30 /* ValidationRuleMock.swift */ = {isa = PBXFileReference; lastKnownFileType = sourcecode.swift; path = ValidationRuleMock.swift; sourceTree = "<group>"; };
		64A59317253AE0A30021E104 /* AppConfigModel.swift */ = {isa = PBXFileReference; lastKnownFileType = sourcecode.swift; path = AppConfigModel.swift; sourceTree = "<group>"; };
		64A59319253AF5D80021E104 /* DependencyResolverProtocol.swift */ = {isa = PBXFileReference; lastKnownFileType = sourcecode.swift; path = DependencyResolverProtocol.swift; sourceTree = "<group>"; };
		64A5931B253B04C20021E104 /* NetworkProtocol.swift */ = {isa = PBXFileReference; lastKnownFileType = sourcecode.swift; path = NetworkProtocol.swift; sourceTree = "<group>"; };
		64A5931F253B055A0021E104 /* APIProtocol.swift */ = {isa = PBXFileReference; lastKnownFileType = sourcecode.swift; path = APIProtocol.swift; sourceTree = "<group>"; };
		64A59322253B08410021E104 /* DependencyResolverProtocol+Directory.swift */ = {isa = PBXFileReference; lastKnownFileType = sourcecode.swift; path = "DependencyResolverProtocol+Directory.swift"; sourceTree = "<group>"; };
		64A59324253B2D2E0021E104 /* SearchPresenter.swift */ = {isa = PBXFileReference; lastKnownFileType = sourcecode.swift; path = SearchPresenter.swift; sourceTree = "<group>"; };
		64A59326253B2D3F0021E104 /* ListPresenter.swift */ = {isa = PBXFileReference; lastKnownFileType = sourcecode.swift; path = ListPresenter.swift; sourceTree = "<group>"; };
		64A5932D253B38160021E104 /* CommonTypes.swift */ = {isa = PBXFileReference; lastKnownFileType = sourcecode.swift; path = CommonTypes.swift; sourceTree = "<group>"; };
		64A5932F253B387F0021E104 /* CoordinatorProtocol.swift */ = {isa = PBXFileReference; lastKnownFileType = sourcecode.swift; path = CoordinatorProtocol.swift; sourceTree = "<group>"; };
		64A59331253B45AF0021E104 /* NetworkService.swift */ = {isa = PBXFileReference; lastKnownFileType = sourcecode.swift; path = NetworkService.swift; sourceTree = "<group>"; };
		64A59333253B46210021E104 /* ApiService.swift */ = {isa = PBXFileReference; lastKnownFileType = sourcecode.swift; path = ApiService.swift; sourceTree = "<group>"; };
		6F2A0C016BD62CF53FDE11BE /* Pods-Common.release.xcconfig */ = {isa = PBXFileReference; includeInIndex = 1; lastKnownFileType = text.xcconfig; name = "Pods-Common.release.xcconfig"; path = "Target Support Files/Pods-Common/Pods-Common.release.xcconfig"; sourceTree = "<group>"; };
		7B11FCB59D20AA2BD3BC2208 /* Pods_StargazerDirectoryTests.framework */ = {isa = PBXFileReference; explicitFileType = wrapper.framework; includeInIndex = 0; path = Pods_StargazerDirectoryTests.framework; sourceTree = BUILT_PRODUCTS_DIR; };
		823E6F87E9C569A79449E331 /* Pods_StargazerDirectory.framework */ = {isa = PBXFileReference; explicitFileType = wrapper.framework; includeInIndex = 0; path = Pods_StargazerDirectory.framework; sourceTree = BUILT_PRODUCTS_DIR; };
		8FAF00F4508882EE4716FB52 /* Pods-Common.debug.xcconfig */ = {isa = PBXFileReference; includeInIndex = 1; lastKnownFileType = text.xcconfig; name = "Pods-Common.debug.xcconfig"; path = "Target Support Files/Pods-Common/Pods-Common.debug.xcconfig"; sourceTree = "<group>"; };
		CA7484E9B5152B059C49E415 /* Pods-StargazerDirectoryTests.debug.xcconfig */ = {isa = PBXFileReference; includeInIndex = 1; lastKnownFileType = text.xcconfig; name = "Pods-StargazerDirectoryTests.debug.xcconfig"; path = "Target Support Files/Pods-StargazerDirectoryTests/Pods-StargazerDirectoryTests.debug.xcconfig"; sourceTree = "<group>"; };
		CD325F6901F7E93BBB2DE945 /* Pods-StargazerDirectoryTests.release.xcconfig */ = {isa = PBXFileReference; includeInIndex = 1; lastKnownFileType = text.xcconfig; name = "Pods-StargazerDirectoryTests.release.xcconfig"; path = "Target Support Files/Pods-StargazerDirectoryTests/Pods-StargazerDirectoryTests.release.xcconfig"; sourceTree = "<group>"; };
		F5BFD4BD35061EEE03E5D625 /* Pods-StargazerDirectory.release.xcconfig */ = {isa = PBXFileReference; includeInIndex = 1; lastKnownFileType = text.xcconfig; name = "Pods-StargazerDirectory.release.xcconfig"; path = "Target Support Files/Pods-StargazerDirectory/Pods-StargazerDirectory.release.xcconfig"; sourceTree = "<group>"; };
		FCC4550B196CE829145E968B /* Pods-Directory.release.xcconfig */ = {isa = PBXFileReference; includeInIndex = 1; lastKnownFileType = text.xcconfig; name = "Pods-Directory.release.xcconfig"; path = "Target Support Files/Pods-Directory/Pods-Directory.release.xcconfig"; sourceTree = "<group>"; };
/* End PBXFileReference section */

/* Begin PBXFrameworksBuildPhase section */
		642973E42537B0870022211B /* Frameworks */ = {
			isa = PBXFrameworksBuildPhase;
			buildActionMask = 2147483647;
			files = (
				642974692538286A0022211B /* Directory.framework in Frameworks */,
				642974462538283A0022211B /* Common.framework in Frameworks */,
				E50ED5FC2E1D0169CD9F58F5 /* Pods_StargazerDirectory.framework in Frameworks */,
			);
			runOnlyForDeploymentPostprocessing = 0;
		};
		642973FA2537B0890022211B /* Frameworks */ = {
			isa = PBXFrameworksBuildPhase;
			buildActionMask = 2147483647;
			files = (
				CC84D69871E7A6115FAFFAD2 /* Pods_StargazerDirectoryTests.framework in Frameworks */,
			);
			runOnlyForDeploymentPostprocessing = 0;
		};
		6429742E2538283A0022211B /* Frameworks */ = {
			isa = PBXFrameworksBuildPhase;
			buildActionMask = 2147483647;
			files = (
				AAA203383113113BBF698F1C /* Pods_Common.framework in Frameworks */,
			);
			runOnlyForDeploymentPostprocessing = 0;
		};
		642974362538283A0022211B /* Frameworks */ = {
			isa = PBXFrameworksBuildPhase;
			buildActionMask = 2147483647;
			files = (
				6429743A2538283A0022211B /* Common.framework in Frameworks */,
				574447802CB69B65062AFA39 /* Pods_CommonTests.framework in Frameworks */,
			);
			runOnlyForDeploymentPostprocessing = 0;
		};
		642974512538286A0022211B /* Frameworks */ = {
			isa = PBXFrameworksBuildPhase;
			buildActionMask = 2147483647;
			files = (
				3A4D96228744B26AF093FBBC /* Pods_Directory.framework in Frameworks */,
			);
			runOnlyForDeploymentPostprocessing = 0;
		};
		642974592538286A0022211B /* Frameworks */ = {
			isa = PBXFrameworksBuildPhase;
			buildActionMask = 2147483647;
			files = (
				6429745D2538286A0022211B /* Directory.framework in Frameworks */,
				E7F3ECFA49DDF764BF6A6E00 /* Pods_DirectoryTests.framework in Frameworks */,
			);
			runOnlyForDeploymentPostprocessing = 0;
		};
/* End PBXFrameworksBuildPhase section */

/* Begin PBXGroup section */
		02F228664A4AA170D7FD8DDA /* Pods */ = {
			isa = PBXGroup;
			children = (
				8FAF00F4508882EE4716FB52 /* Pods-Common.debug.xcconfig */,
				6F2A0C016BD62CF53FDE11BE /* Pods-Common.release.xcconfig */,
				4D397297C8B26CCF254E66AC /* Pods-CommonTests.debug.xcconfig */,
				0B51D2E01FFCB8FE9FB939F1 /* Pods-CommonTests.release.xcconfig */,
				09ACE4AA76741059F97D7539 /* Pods-Directory.debug.xcconfig */,
				FCC4550B196CE829145E968B /* Pods-Directory.release.xcconfig */,
				41874CCDCF5DDCCCCF81D227 /* Pods-DirectoryTests.debug.xcconfig */,
				105734B3DAF8D4F357EF3D3F /* Pods-DirectoryTests.release.xcconfig */,
				337A38105CCEB610D20863B4 /* Pods-StargazerDirectory.debug.xcconfig */,
				F5BFD4BD35061EEE03E5D625 /* Pods-StargazerDirectory.release.xcconfig */,
				CA7484E9B5152B059C49E415 /* Pods-StargazerDirectoryTests.debug.xcconfig */,
				CD325F6901F7E93BBB2DE945 /* Pods-StargazerDirectoryTests.release.xcconfig */,
			);
			path = Pods;
			sourceTree = "<group>";
		};
		642973DE2537B0870022211B = {
			isa = PBXGroup;
			children = (
				642973E92537B0870022211B /* StargazerDirectory */,
				642974002537B0890022211B /* StargazerDirectoryTests */,
				642974552538286A0022211B /* Directory */,
				642974622538286A0022211B /* DirectoryTests */,
				642974322538283A0022211B /* Common */,
				6429743F2538283A0022211B /* CommonTests */,
				642973E82537B0870022211B /* Products */,
				02F228664A4AA170D7FD8DDA /* Pods */,
				FCED4519761E731DFF9ECCBA /* Frameworks */,
			);
			sourceTree = "<group>";
		};
		642973E82537B0870022211B /* Products */ = {
			isa = PBXGroup;
			children = (
				642973E72537B0870022211B /* StargazerDirectory.app */,
				642973FD2537B0890022211B /* StargazerDirectoryTests.xctest */,
				642974312538283A0022211B /* Common.framework */,
				642974392538283A0022211B /* CommonTests.xctest */,
				642974542538286A0022211B /* Directory.framework */,
				6429745C2538286A0022211B /* DirectoryTests.xctest */,
			);
			name = Products;
			sourceTree = "<group>";
		};
		642973E92537B0870022211B /* StargazerDirectory */ = {
			isa = PBXGroup;
			children = (
				6429740E2537B29E0022211B /* UI */,
				6429740F2537B2AB0022211B /* Resources */,
				6429741D2537BAD30022211B /* AppResolver.swift */,
				642973EA2537B0870022211B /* AppDelegate.swift */,
				642973F82537B0890022211B /* Info.plist */,
			);
			path = StargazerDirectory;
			sourceTree = "<group>";
		};
		642974002537B0890022211B /* StargazerDirectoryTests */ = {
			isa = PBXGroup;
			children = (
				642974012537B0890022211B /* StargazerDirectoryTests.swift */,
				642974032537B0890022211B /* Info.plist */,
			);
			path = StargazerDirectoryTests;
			sourceTree = "<group>";
		};
		6429740E2537B29E0022211B /* UI */ = {
			isa = PBXGroup;
			children = (
				642974212537BBD10022211B /* LaunchScreen.storyboard */,
			);
			path = UI;
			sourceTree = "<group>";
		};
		6429740F2537B2AB0022211B /* Resources */ = {
			isa = PBXGroup;
			children = (
				642973F32537B0890022211B /* Assets.xcassets */,
			);
			path = Resources;
			sourceTree = "<group>";
		};
		642974102537B78E0022211B /* Utils */ = {
			isa = PBXGroup;
			children = (
				64A5932D253B38160021E104 /* CommonTypes.swift */,
				642974152537B7EE0022211B /* Resources.swift */,
			);
			path = Utils;
			sourceTree = "<group>";
		};
		642974112537B7960022211B /* Extensions */ = {
			isa = PBXGroup;
			children = (
				642974172537BA700022211B /* UiViewController+UIStoryboard.swift */,
				642974192537BA840022211B /* UIView+Autolayout.swift */,
				6429741B2537BA980022211B /* UIViewController+BackArrowOnly.swift */,
				6460941F253C86F5004ADF30 /* String+Regex.swift */,
			);
			path = Extensions;
			sourceTree = "<group>";
		};
		642974122537B7A30022211B /* Contracts */ = {
			isa = PBXGroup;
			children = (
				64A5931B253B04C20021E104 /* NetworkProtocol.swift */,
				64A5931F253B055A0021E104 /* APIProtocol.swift */,
				6460941B253C85F9004ADF30 /* ValidationRuleProtocol.swift */,
				64609425253C9B37004ADF30 /* ValidationProtocol.swift */,
				64A5932F253B387F0021E104 /* CoordinatorProtocol.swift */,
				64A59319253AF5D80021E104 /* DependencyResolverProtocol.swift */,
			);
			path = Contracts;
			sourceTree = "<group>";
		};
		642974132537B7B80022211B /* Models */ = {
			isa = PBXGroup;
			children = (
				64A59317253AE0A30021E104 /* AppConfigModel.swift */,
				64609411253BA53B004ADF30 /* StargazerModel.swift */,
				6460942A253CB77E004ADF30 /* SearchModel.swift */,
			);
			path = Models;
			sourceTree = "<group>";
		};
		6429742A2537BCB60022211B /* Search */ = {
			isa = PBXGroup;
			children = (
				642974282537BCA40022211B /* SearchViewController.swift */,
				64609419253C3F02004ADF30 /* SearchViewData.swift */,
				64A59324253B2D2E0021E104 /* SearchPresenter.swift */,
			);
			path = Search;
			sourceTree = "<group>";
		};
		6429742B2537BCBB0022211B /* List */ = {
			isa = PBXGroup;
			children = (
				642973EE2537B0870022211B /* ListViewController.swift */,
				6460942F253D1C5A004ADF30 /* ListViewDatasource.swift */,
				64609413253BB673004ADF30 /* ListViewCell.swift */,
				64609415253C23A4004ADF30 /* ListViewData.swift */,
				64A59326253B2D3F0021E104 /* ListPresenter.swift */,
			);
			path = List;
			sourceTree = "<group>";
		};
		642974322538283A0022211B /* Common */ = {
			isa = PBXGroup;
			children = (
				642974102537B78E0022211B /* Utils */,
				642974112537B7960022211B /* Extensions */,
				642974122537B7A30022211B /* Contracts */,
				642974132537B7B80022211B /* Models */,
				64609427253C9BFD004ADF30 /* Validator */,
				64A59331253B45AF0021E104 /* NetworkService.swift */,
				64A59333253B46210021E104 /* ApiService.swift */,
				642974332538283A0022211B /* Common.h */,
				642974342538283A0022211B /* Info.plist */,
			);
			path = Common;
			sourceTree = "<group>";
		};
		6429743F2538283A0022211B /* CommonTests */ = {
			isa = PBXGroup;
			children = (
				64609431253D30C6004ADF30 /* Utils */,
				64609436253D338B004ADF30 /* Resources */,
				6460943B253D3487004ADF30 /* Mocks */,
				64609444253D36E7004ADF30 /* ApiDecodingTests.swift */,
				64609452253D4063004ADF30 /* ValidatorTests.swift */,
				642974422538283A0022211B /* Info.plist */,
			);
			path = CommonTests;
			sourceTree = "<group>";
		};
		642974552538286A0022211B /* Directory */ = {
			isa = PBXGroup;
			children = (
				6460942C253CF5D1004ADF30 /* Resources */,
				64297479253908A10022211B /* View */,
				64297478253908930022211B /* UI */,
				6429747A25390C730022211B /* Coordinator */,
				64A59322253B08410021E104 /* DependencyResolverProtocol+Directory.swift */,
				642974562538286A0022211B /* Directory.h */,
				642974572538286A0022211B /* Info.plist */,
			);
			path = Directory;
			sourceTree = "<group>";
		};
		642974622538286A0022211B /* DirectoryTests */ = {
			isa = PBXGroup;
			children = (
				6460944E253D3E96004ADF30 /* Mocks */,
				6460944C253D3B60004ADF30 /* DirectoryTests.swift */,
				642974652538286A0022211B /* Info.plist */,
			);
			path = DirectoryTests;
			sourceTree = "<group>";
		};
		64297478253908930022211B /* UI */ = {
			isa = PBXGroup;
			children = (
				6429748425390CF30022211B /* Directory.storyboard */,
			);
			path = UI;
			sourceTree = "<group>";
		};
		64297479253908A10022211B /* View */ = {
			isa = PBXGroup;
			children = (
				6429742A2537BCB60022211B /* Search */,
				6429742B2537BCBB0022211B /* List */,
			);
			path = View;
			sourceTree = "<group>";
		};
		6429747A25390C730022211B /* Coordinator */ = {
			isa = PBXGroup;
			children = (
				6429747B25390C9B0022211B /* DirectoryCoordinator.swift */,
			);
			path = Coordinator;
			sourceTree = "<group>";
		};
		64609427253C9BFD004ADF30 /* Validator */ = {
			isa = PBXGroup;
			children = (
				6460941D253C867C004ADF30 /* ValidationMandatoryRule.swift */,
				64609421253C91FA004ADF30 /* ValidationWithoutWhitespaceRule.swift */,
				64609428253C9C11004ADF30 /* Validator.swift */,
			);
			path = Validator;
			sourceTree = "<group>";
		};
		6460942C253CF5D1004ADF30 /* Resources */ = {
			isa = PBXGroup;
			children = (
				642974272537BC130022211B /* Localizable.strings */,
			);
			path = Resources;
			sourceTree = "<group>";
		};
		64609431253D30C6004ADF30 /* Utils */ = {
			isa = PBXGroup;
			children = (
				64609432253D30DC004ADF30 /* StorageUtils.swift */,
			);
			path = Utils;
			sourceTree = "<group>";
		};
		64609436253D338B004ADF30 /* Resources */ = {
			isa = PBXGroup;
			children = (
				64609439253D3406004ADF30 /* StargazerModelsMock.json */,
			);
			path = Resources;
			sourceTree = "<group>";
		};
		6460943B253D3487004ADF30 /* Mocks */ = {
			isa = PBXGroup;
			children = (
				64609446253D376B004ADF30 /* NetworkServiceMock.swift */,
				64609449253D3A1A004ADF30 /* ApiServiceMock.swift */,
				64609454253D40E9004ADF30 /* ValidationRuleMock.swift */,
			);
			path = Mocks;
			sourceTree = "<group>";
		};
		6460944E253D3E96004ADF30 /* Mocks */ = {
			isa = PBXGroup;
			children = (
			);
			path = Mocks;
			sourceTree = "<group>";
		};
		FCED4519761E731DFF9ECCBA /* Frameworks */ = {
			isa = PBXGroup;
			children = (
				5F79DB90D645E38CB58C273E /* Pods_Common.framework */,
				39C18A1C1064C434BCC58B81 /* Pods_CommonTests.framework */,
				5C806FA5436F1E7D92B131C1 /* Pods_Directory.framework */,
				3DFEEC11238C873A0C8E4295 /* Pods_DirectoryTests.framework */,
				823E6F87E9C569A79449E331 /* Pods_StargazerDirectory.framework */,
				7B11FCB59D20AA2BD3BC2208 /* Pods_StargazerDirectoryTests.framework */,
			);
			name = Frameworks;
			sourceTree = "<group>";
		};
/* End PBXGroup section */

/* Begin PBXHeadersBuildPhase section */
		6429742C2538283A0022211B /* Headers */ = {
			isa = PBXHeadersBuildPhase;
			buildActionMask = 2147483647;
			files = (
				642974432538283A0022211B /* Common.h in Headers */,
			);
			runOnlyForDeploymentPostprocessing = 0;
		};
		6429744F2538286A0022211B /* Headers */ = {
			isa = PBXHeadersBuildPhase;
			buildActionMask = 2147483647;
			files = (
				642974662538286A0022211B /* Directory.h in Headers */,
			);
			runOnlyForDeploymentPostprocessing = 0;
		};
/* End PBXHeadersBuildPhase section */

/* Begin PBXNativeTarget section */
		642973E62537B0870022211B /* StargazerDirectory */ = {
			isa = PBXNativeTarget;
			buildConfigurationList = 642974062537B0890022211B /* Build configuration list for PBXNativeTarget "StargazerDirectory" */;
			buildPhases = (
				FBC1E74DF0E0ABE3ADA06FD9 /* [CP] Check Pods Manifest.lock */,
				642973E32537B0870022211B /* Sources */,
				642973E42537B0870022211B /* Frameworks */,
				642973E52537B0870022211B /* Resources */,
				6429744B2538283A0022211B /* Embed Frameworks */,
				BCDC23EA5F63888C488F1DB3 /* [CP] Embed Pods Frameworks */,
			);
			buildRules = (
			);
			dependencies = (
				642974452538283A0022211B /* PBXTargetDependency */,
				642974682538286A0022211B /* PBXTargetDependency */,
			);
			name = StargazerDirectory;
			productName = StargazerDirectory;
			productReference = 642973E72537B0870022211B /* StargazerDirectory.app */;
			productType = "com.apple.product-type.application";
		};
		642973FC2537B0890022211B /* StargazerDirectoryTests */ = {
			isa = PBXNativeTarget;
			buildConfigurationList = 642974092537B0890022211B /* Build configuration list for PBXNativeTarget "StargazerDirectoryTests" */;
			buildPhases = (
				3D5E88BC477A9EA68AA3A135 /* [CP] Check Pods Manifest.lock */,
				642973F92537B0890022211B /* Sources */,
				642973FA2537B0890022211B /* Frameworks */,
				642973FB2537B0890022211B /* Resources */,
			);
			buildRules = (
			);
			dependencies = (
				642973FF2537B0890022211B /* PBXTargetDependency */,
			);
			name = StargazerDirectoryTests;
			productName = StargazerDirectoryTests;
			productReference = 642973FD2537B0890022211B /* StargazerDirectoryTests.xctest */;
			productType = "com.apple.product-type.bundle.unit-test";
		};
		642974302538283A0022211B /* Common */ = {
			isa = PBXNativeTarget;
			buildConfigurationList = 642974482538283A0022211B /* Build configuration list for PBXNativeTarget "Common" */;
			buildPhases = (
				415177887900ADC2BE4CE3C1 /* [CP] Check Pods Manifest.lock */,
				6429742C2538283A0022211B /* Headers */,
				6429742D2538283A0022211B /* Sources */,
				6429742E2538283A0022211B /* Frameworks */,
				6429742F2538283A0022211B /* Resources */,
			);
			buildRules = (
			);
			dependencies = (
			);
			name = Common;
			productName = Common;
			productReference = 642974312538283A0022211B /* Common.framework */;
			productType = "com.apple.product-type.framework";
		};
		642974382538283A0022211B /* CommonTests */ = {
			isa = PBXNativeTarget;
			buildConfigurationList = 6429744C2538283A0022211B /* Build configuration list for PBXNativeTarget "CommonTests" */;
			buildPhases = (
				D73A1ED94752A3F87BFD2BAC /* [CP] Check Pods Manifest.lock */,
				642974352538283A0022211B /* Sources */,
				642974362538283A0022211B /* Frameworks */,
				642974372538283A0022211B /* Resources */,
			);
			buildRules = (
			);
			dependencies = (
				6429743C2538283A0022211B /* PBXTargetDependency */,
				6429743E2538283A0022211B /* PBXTargetDependency */,
			);
			name = CommonTests;
			productName = CommonTests;
			productReference = 642974392538283A0022211B /* CommonTests.xctest */;
			productType = "com.apple.product-type.bundle.unit-test";
		};
		642974532538286A0022211B /* Directory */ = {
			isa = PBXNativeTarget;
			buildConfigurationList = 6429746B2538286A0022211B /* Build configuration list for PBXNativeTarget "Directory" */;
			buildPhases = (
				AE6B648F7E3EB7B77C012213 /* [CP] Check Pods Manifest.lock */,
				6429744F2538286A0022211B /* Headers */,
				642974502538286A0022211B /* Sources */,
				642974512538286A0022211B /* Frameworks */,
				642974522538286A0022211B /* Resources */,
			);
			buildRules = (
			);
			dependencies = (
			);
			name = Directory;
			productName = Directory;
			productReference = 642974542538286A0022211B /* Directory.framework */;
			productType = "com.apple.product-type.framework";
		};
		6429745B2538286A0022211B /* DirectoryTests */ = {
			isa = PBXNativeTarget;
			buildConfigurationList = 6429746E2538286A0022211B /* Build configuration list for PBXNativeTarget "DirectoryTests" */;
			buildPhases = (
				A38963DA003CA3291F93579B /* [CP] Check Pods Manifest.lock */,
				642974582538286A0022211B /* Sources */,
				642974592538286A0022211B /* Frameworks */,
				6429745A2538286A0022211B /* Resources */,
				45E524D4F2DC6F98E1AE71DC /* [CP] Embed Pods Frameworks */,
			);
			buildRules = (
			);
			dependencies = (
				6429745F2538286A0022211B /* PBXTargetDependency */,
				642974612538286A0022211B /* PBXTargetDependency */,
			);
			name = DirectoryTests;
			productName = DirectoryTests;
			productReference = 6429745C2538286A0022211B /* DirectoryTests.xctest */;
			productType = "com.apple.product-type.bundle.unit-test";
		};
/* End PBXNativeTarget section */

/* Begin PBXProject section */
		642973DF2537B0870022211B /* Project object */ = {
			isa = PBXProject;
			attributes = {
				LastSwiftUpdateCheck = 1130;
				LastUpgradeCheck = 1130;
				ORGANIZATIONNAME = DeeplyMadStudio;
				TargetAttributes = {
					642973E62537B0870022211B = {
						CreatedOnToolsVersion = 11.3;
					};
					642973FC2537B0890022211B = {
						CreatedOnToolsVersion = 11.3;
						TestTargetID = 642973E62537B0870022211B;
					};
					642974302538283A0022211B = {
						CreatedOnToolsVersion = 11.3;
					};
					642974382538283A0022211B = {
						CreatedOnToolsVersion = 11.3;
					};
					642974532538286A0022211B = {
						CreatedOnToolsVersion = 11.3;
						LastSwiftMigration = 1130;
					};
					6429745B2538286A0022211B = {
						CreatedOnToolsVersion = 11.3;
						LastSwiftMigration = 1130;
					};
				};
			};
			buildConfigurationList = 642973E22537B0870022211B /* Build configuration list for PBXProject "StargazerDirectory" */;
			compatibilityVersion = "Xcode 9.3";
			developmentRegion = en;
			hasScannedForEncodings = 0;
			knownRegions = (
				en,
				Base,
			);
			mainGroup = 642973DE2537B0870022211B;
			productRefGroup = 642973E82537B0870022211B /* Products */;
			projectDirPath = "";
			projectRoot = "";
			targets = (
				642973E62537B0870022211B /* StargazerDirectory */,
				642973FC2537B0890022211B /* StargazerDirectoryTests */,
				642974302538283A0022211B /* Common */,
				642974382538283A0022211B /* CommonTests */,
				642974532538286A0022211B /* Directory */,
				6429745B2538286A0022211B /* DirectoryTests */,
			);
		};
/* End PBXProject section */

/* Begin PBXResourcesBuildPhase section */
		642973E52537B0870022211B /* Resources */ = {
			isa = PBXResourcesBuildPhase;
			buildActionMask = 2147483647;
			files = (
				642974222537BBD10022211B /* LaunchScreen.storyboard in Resources */,
				642973F42537B0890022211B /* Assets.xcassets in Resources */,
			);
			runOnlyForDeploymentPostprocessing = 0;
		};
		642973FB2537B0890022211B /* Resources */ = {
			isa = PBXResourcesBuildPhase;
			buildActionMask = 2147483647;
			files = (
			);
			runOnlyForDeploymentPostprocessing = 0;
		};
		6429742F2538283A0022211B /* Resources */ = {
			isa = PBXResourcesBuildPhase;
			buildActionMask = 2147483647;
			files = (
			);
			runOnlyForDeploymentPostprocessing = 0;
		};
		642974372538283A0022211B /* Resources */ = {
			isa = PBXResourcesBuildPhase;
			buildActionMask = 2147483647;
			files = (
				64609443253D36D0004ADF30 /* StargazerModelsMock.json in Resources */,
			);
			runOnlyForDeploymentPostprocessing = 0;
		};
		642974522538286A0022211B /* Resources */ = {
			isa = PBXResourcesBuildPhase;
			buildActionMask = 2147483647;
			files = (
				6429748525390CF30022211B /* Directory.storyboard in Resources */,
				6460942E253CF5E6004ADF30 /* Localizable.strings in Resources */,
			);
			runOnlyForDeploymentPostprocessing = 0;
		};
		6429745A2538286A0022211B /* Resources */ = {
			isa = PBXResourcesBuildPhase;
			buildActionMask = 2147483647;
			files = (
			);
			runOnlyForDeploymentPostprocessing = 0;
		};
/* End PBXResourcesBuildPhase section */

/* Begin PBXShellScriptBuildPhase section */
		3D5E88BC477A9EA68AA3A135 /* [CP] Check Pods Manifest.lock */ = {
			isa = PBXShellScriptBuildPhase;
			buildActionMask = 2147483647;
			files = (
			);
			inputFileListPaths = (
			);
			inputPaths = (
				"${PODS_PODFILE_DIR_PATH}/Podfile.lock",
				"${PODS_ROOT}/Manifest.lock",
			);
			name = "[CP] Check Pods Manifest.lock";
			outputFileListPaths = (
			);
			outputPaths = (
				"$(DERIVED_FILE_DIR)/Pods-StargazerDirectoryTests-checkManifestLockResult.txt",
			);
			runOnlyForDeploymentPostprocessing = 0;
			shellPath = /bin/sh;
			shellScript = "diff \"${PODS_PODFILE_DIR_PATH}/Podfile.lock\" \"${PODS_ROOT}/Manifest.lock\" > /dev/null\nif [ $? != 0 ] ; then\n    # print error to STDERR\n    echo \"error: The sandbox is not in sync with the Podfile.lock. Run 'pod install' or update your CocoaPods installation.\" >&2\n    exit 1\nfi\n# This output is used by Xcode 'outputs' to avoid re-running this script phase.\necho \"SUCCESS\" > \"${SCRIPT_OUTPUT_FILE_0}\"\n";
			showEnvVarsInLog = 0;
		};
		415177887900ADC2BE4CE3C1 /* [CP] Check Pods Manifest.lock */ = {
			isa = PBXShellScriptBuildPhase;
			buildActionMask = 2147483647;
			files = (
			);
			inputFileListPaths = (
			);
			inputPaths = (
				"${PODS_PODFILE_DIR_PATH}/Podfile.lock",
				"${PODS_ROOT}/Manifest.lock",
			);
			name = "[CP] Check Pods Manifest.lock";
			outputFileListPaths = (
			);
			outputPaths = (
				"$(DERIVED_FILE_DIR)/Pods-Common-checkManifestLockResult.txt",
			);
			runOnlyForDeploymentPostprocessing = 0;
			shellPath = /bin/sh;
			shellScript = "diff \"${PODS_PODFILE_DIR_PATH}/Podfile.lock\" \"${PODS_ROOT}/Manifest.lock\" > /dev/null\nif [ $? != 0 ] ; then\n    # print error to STDERR\n    echo \"error: The sandbox is not in sync with the Podfile.lock. Run 'pod install' or update your CocoaPods installation.\" >&2\n    exit 1\nfi\n# This output is used by Xcode 'outputs' to avoid re-running this script phase.\necho \"SUCCESS\" > \"${SCRIPT_OUTPUT_FILE_0}\"\n";
			showEnvVarsInLog = 0;
		};
		45E524D4F2DC6F98E1AE71DC /* [CP] Embed Pods Frameworks */ = {
			isa = PBXShellScriptBuildPhase;
			buildActionMask = 2147483647;
			files = (
			);
			inputFileListPaths = (
				"${PODS_ROOT}/Target Support Files/Pods-DirectoryTests/Pods-DirectoryTests-frameworks-${CONFIGURATION}-input-files.xcfilelist",
			);
			name = "[CP] Embed Pods Frameworks";
			outputFileListPaths = (
				"${PODS_ROOT}/Target Support Files/Pods-DirectoryTests/Pods-DirectoryTests-frameworks-${CONFIGURATION}-output-files.xcfilelist",
			);
			runOnlyForDeploymentPostprocessing = 0;
			shellPath = /bin/sh;
			shellScript = "\"${PODS_ROOT}/Target Support Files/Pods-DirectoryTests/Pods-DirectoryTests-frameworks.sh\"\n";
			showEnvVarsInLog = 0;
		};
		A38963DA003CA3291F93579B /* [CP] Check Pods Manifest.lock */ = {
			isa = PBXShellScriptBuildPhase;
			buildActionMask = 2147483647;
			files = (
			);
			inputFileListPaths = (
			);
			inputPaths = (
				"${PODS_PODFILE_DIR_PATH}/Podfile.lock",
				"${PODS_ROOT}/Manifest.lock",
			);
			name = "[CP] Check Pods Manifest.lock";
			outputFileListPaths = (
			);
			outputPaths = (
				"$(DERIVED_FILE_DIR)/Pods-DirectoryTests-checkManifestLockResult.txt",
			);
			runOnlyForDeploymentPostprocessing = 0;
			shellPath = /bin/sh;
			shellScript = "diff \"${PODS_PODFILE_DIR_PATH}/Podfile.lock\" \"${PODS_ROOT}/Manifest.lock\" > /dev/null\nif [ $? != 0 ] ; then\n    # print error to STDERR\n    echo \"error: The sandbox is not in sync with the Podfile.lock. Run 'pod install' or update your CocoaPods installation.\" >&2\n    exit 1\nfi\n# This output is used by Xcode 'outputs' to avoid re-running this script phase.\necho \"SUCCESS\" > \"${SCRIPT_OUTPUT_FILE_0}\"\n";
			showEnvVarsInLog = 0;
		};
		AE6B648F7E3EB7B77C012213 /* [CP] Check Pods Manifest.lock */ = {
			isa = PBXShellScriptBuildPhase;
			buildActionMask = 2147483647;
			files = (
			);
			inputFileListPaths = (
			);
			inputPaths = (
				"${PODS_PODFILE_DIR_PATH}/Podfile.lock",
				"${PODS_ROOT}/Manifest.lock",
			);
			name = "[CP] Check Pods Manifest.lock";
			outputFileListPaths = (
			);
			outputPaths = (
				"$(DERIVED_FILE_DIR)/Pods-Directory-checkManifestLockResult.txt",
			);
			runOnlyForDeploymentPostprocessing = 0;
			shellPath = /bin/sh;
			shellScript = "diff \"${PODS_PODFILE_DIR_PATH}/Podfile.lock\" \"${PODS_ROOT}/Manifest.lock\" > /dev/null\nif [ $? != 0 ] ; then\n    # print error to STDERR\n    echo \"error: The sandbox is not in sync with the Podfile.lock. Run 'pod install' or update your CocoaPods installation.\" >&2\n    exit 1\nfi\n# This output is used by Xcode 'outputs' to avoid re-running this script phase.\necho \"SUCCESS\" > \"${SCRIPT_OUTPUT_FILE_0}\"\n";
			showEnvVarsInLog = 0;
		};
		BCDC23EA5F63888C488F1DB3 /* [CP] Embed Pods Frameworks */ = {
			isa = PBXShellScriptBuildPhase;
			buildActionMask = 2147483647;
			files = (
			);
			inputFileListPaths = (
				"${PODS_ROOT}/Target Support Files/Pods-StargazerDirectory/Pods-StargazerDirectory-frameworks-${CONFIGURATION}-input-files.xcfilelist",
			);
			name = "[CP] Embed Pods Frameworks";
			outputFileListPaths = (
				"${PODS_ROOT}/Target Support Files/Pods-StargazerDirectory/Pods-StargazerDirectory-frameworks-${CONFIGURATION}-output-files.xcfilelist",
			);
			runOnlyForDeploymentPostprocessing = 0;
			shellPath = /bin/sh;
			shellScript = "\"${PODS_ROOT}/Target Support Files/Pods-StargazerDirectory/Pods-StargazerDirectory-frameworks.sh\"\n";
			showEnvVarsInLog = 0;
		};
		D73A1ED94752A3F87BFD2BAC /* [CP] Check Pods Manifest.lock */ = {
			isa = PBXShellScriptBuildPhase;
			buildActionMask = 2147483647;
			files = (
			);
			inputFileListPaths = (
			);
			inputPaths = (
				"${PODS_PODFILE_DIR_PATH}/Podfile.lock",
				"${PODS_ROOT}/Manifest.lock",
			);
			name = "[CP] Check Pods Manifest.lock";
			outputFileListPaths = (
			);
			outputPaths = (
				"$(DERIVED_FILE_DIR)/Pods-CommonTests-checkManifestLockResult.txt",
			);
			runOnlyForDeploymentPostprocessing = 0;
			shellPath = /bin/sh;
			shellScript = "diff \"${PODS_PODFILE_DIR_PATH}/Podfile.lock\" \"${PODS_ROOT}/Manifest.lock\" > /dev/null\nif [ $? != 0 ] ; then\n    # print error to STDERR\n    echo \"error: The sandbox is not in sync with the Podfile.lock. Run 'pod install' or update your CocoaPods installation.\" >&2\n    exit 1\nfi\n# This output is used by Xcode 'outputs' to avoid re-running this script phase.\necho \"SUCCESS\" > \"${SCRIPT_OUTPUT_FILE_0}\"\n";
			showEnvVarsInLog = 0;
		};
		FBC1E74DF0E0ABE3ADA06FD9 /* [CP] Check Pods Manifest.lock */ = {
			isa = PBXShellScriptBuildPhase;
			buildActionMask = 2147483647;
			files = (
			);
			inputFileListPaths = (
			);
			inputPaths = (
				"${PODS_PODFILE_DIR_PATH}/Podfile.lock",
				"${PODS_ROOT}/Manifest.lock",
			);
			name = "[CP] Check Pods Manifest.lock";
			outputFileListPaths = (
			);
			outputPaths = (
				"$(DERIVED_FILE_DIR)/Pods-StargazerDirectory-checkManifestLockResult.txt",
			);
			runOnlyForDeploymentPostprocessing = 0;
			shellPath = /bin/sh;
			shellScript = "diff \"${PODS_PODFILE_DIR_PATH}/Podfile.lock\" \"${PODS_ROOT}/Manifest.lock\" > /dev/null\nif [ $? != 0 ] ; then\n    # print error to STDERR\n    echo \"error: The sandbox is not in sync with the Podfile.lock. Run 'pod install' or update your CocoaPods installation.\" >&2\n    exit 1\nfi\n# This output is used by Xcode 'outputs' to avoid re-running this script phase.\necho \"SUCCESS\" > \"${SCRIPT_OUTPUT_FILE_0}\"\n";
			showEnvVarsInLog = 0;
		};
/* End PBXShellScriptBuildPhase section */

/* Begin PBXSourcesBuildPhase section */
		642973E32537B0870022211B /* Sources */ = {
			isa = PBXSourcesBuildPhase;
			buildActionMask = 2147483647;
			files = (
				642973EB2537B0870022211B /* AppDelegate.swift in Sources */,
				6429741E2537BAD30022211B /* AppResolver.swift in Sources */,
			);
			runOnlyForDeploymentPostprocessing = 0;
		};
		642973F92537B0890022211B /* Sources */ = {
			isa = PBXSourcesBuildPhase;
			buildActionMask = 2147483647;
			files = (
				642974022537B0890022211B /* StargazerDirectoryTests.swift in Sources */,
			);
			runOnlyForDeploymentPostprocessing = 0;
		};
		6429742D2538283A0022211B /* Sources */ = {
			isa = PBXSourcesBuildPhase;
			buildActionMask = 2147483647;
			files = (
				64609420253C86F5004ADF30 /* String+Regex.swift in Sources */,
				64A5931A253AF5D80021E104 /* DependencyResolverProtocol.swift in Sources */,
				64609448253D385F004ADF30 /* ApiService.swift in Sources */,
				64A59318253AE0A40021E104 /* AppConfigModel.swift in Sources */,
				64609450253D3EED004ADF30 /* ValidationWithoutWhitespaceRule.swift in Sources */,
				6460942B253CB77E004ADF30 /* SearchModel.swift in Sources */,
				6460941C253C85F9004ADF30 /* ValidationRuleProtocol.swift in Sources */,
				6460944F253D3EEA004ADF30 /* ValidationMandatoryRule.swift in Sources */,
				64A59330253B387F0021E104 /* CoordinatorProtocol.swift in Sources */,
				6429747D25390CA40022211B /* Resources.swift in Sources */,
				64A59320253B055A0021E104 /* APIProtocol.swift in Sources */,
				64A5931C253B04C20021E104 /* NetworkProtocol.swift in Sources */,
				64609451253D3EF1004ADF30 /* Validator.swift in Sources */,
				64609426253C9B37004ADF30 /* ValidationProtocol.swift in Sources */,
				64609441253D3634004ADF30 /* NetworkService.swift in Sources */,
				64A5932E253B38160021E104 /* CommonTypes.swift in Sources */,
				64609412253BA53B004ADF30 /* StargazerModel.swift in Sources */,
				6429748025390CA90022211B /* UIViewController+BackArrowOnly.swift in Sources */,
				6429747F25390CA90022211B /* UIView+Autolayout.swift in Sources */,
				6429747E25390CA90022211B /* UiViewController+UIStoryboard.swift in Sources */,
			);
			runOnlyForDeploymentPostprocessing = 0;
		};
		642974352538283A0022211B /* Sources */ = {
			isa = PBXSourcesBuildPhase;
			buildActionMask = 2147483647;
			files = (
				64609455253D40E9004ADF30 /* ValidationRuleMock.swift in Sources */,
				6460944A253D3A1A004ADF30 /* ApiServiceMock.swift in Sources */,
				64609453253D4063004ADF30 /* ValidatorTests.swift in Sources */,
				64609445253D36E7004ADF30 /* ApiDecodingTests.swift in Sources */,
				64609442253D36CD004ADF30 /* StorageUtils.swift in Sources */,
				64609447253D376B004ADF30 /* NetworkServiceMock.swift in Sources */,
			);
			runOnlyForDeploymentPostprocessing = 0;
		};
		642974502538286A0022211B /* Sources */ = {
			isa = PBXSourcesBuildPhase;
			buildActionMask = 2147483647;
			files = (
				64609414253BB673004ADF30 /* ListViewCell.swift in Sources */,
				6460941A253C3F02004ADF30 /* SearchViewData.swift in Sources */,
				64609430253D1C5B004ADF30 /* ListViewDatasource.swift in Sources */,
				64A59323253B08410021E104 /* DependencyResolverProtocol+Directory.swift in Sources */,
				6429748125390CC20022211B /* SearchViewController.swift in Sources */,
				64A59325253B2D2E0021E104 /* SearchPresenter.swift in Sources */,
				6429747C25390C9B0022211B /* DirectoryCoordinator.swift in Sources */,
				64A59327253B2D3F0021E104 /* ListPresenter.swift in Sources */,
				6429748325390CC90022211B /* ListViewController.swift in Sources */,
				64609416253C23A4004ADF30 /* ListViewData.swift in Sources */,
			);
			runOnlyForDeploymentPostprocessing = 0;
		};
		642974582538286A0022211B /* Sources */ = {
			isa = PBXSourcesBuildPhase;
			buildActionMask = 2147483647;
			files = (
				6460944D253D3B60004ADF30 /* DirectoryTests.swift in Sources */,
			);
			runOnlyForDeploymentPostprocessing = 0;
		};
/* End PBXSourcesBuildPhase section */

/* Begin PBXTargetDependency section */
		642973FF2537B0890022211B /* PBXTargetDependency */ = {
			isa = PBXTargetDependency;
			target = 642973E62537B0870022211B /* StargazerDirectory */;
			targetProxy = 642973FE2537B0890022211B /* PBXContainerItemProxy */;
		};
		6429743C2538283A0022211B /* PBXTargetDependency */ = {
			isa = PBXTargetDependency;
			target = 642974302538283A0022211B /* Common */;
			targetProxy = 6429743B2538283A0022211B /* PBXContainerItemProxy */;
		};
		6429743E2538283A0022211B /* PBXTargetDependency */ = {
			isa = PBXTargetDependency;
			target = 642973E62537B0870022211B /* StargazerDirectory */;
			targetProxy = 6429743D2538283A0022211B /* PBXContainerItemProxy */;
		};
		642974452538283A0022211B /* PBXTargetDependency */ = {
			isa = PBXTargetDependency;
			target = 642974302538283A0022211B /* Common */;
			targetProxy = 642974442538283A0022211B /* PBXContainerItemProxy */;
		};
		6429745F2538286A0022211B /* PBXTargetDependency */ = {
			isa = PBXTargetDependency;
			target = 642974532538286A0022211B /* Directory */;
			targetProxy = 6429745E2538286A0022211B /* PBXContainerItemProxy */;
		};
		642974612538286A0022211B /* PBXTargetDependency */ = {
			isa = PBXTargetDependency;
			target = 642973E62537B0870022211B /* StargazerDirectory */;
			targetProxy = 642974602538286A0022211B /* PBXContainerItemProxy */;
		};
		642974682538286A0022211B /* PBXTargetDependency */ = {
			isa = PBXTargetDependency;
			target = 642974532538286A0022211B /* Directory */;
			targetProxy = 642974672538286A0022211B /* PBXContainerItemProxy */;
		};
/* End PBXTargetDependency section */

/* Begin PBXVariantGroup section */
		642974272537BC130022211B /* Localizable.strings */ = {
			isa = PBXVariantGroup;
			children = (
				642974262537BC130022211B /* en */,
			);
			name = Localizable.strings;
			sourceTree = "<group>";
		};
/* End PBXVariantGroup section */

/* Begin XCBuildConfiguration section */
		642974042537B0890022211B /* Debug */ = {
			isa = XCBuildConfiguration;
			buildSettings = {
				ALWAYS_SEARCH_USER_PATHS = NO;
				CLANG_ANALYZER_NONNULL = YES;
				CLANG_ANALYZER_NUMBER_OBJECT_CONVERSION = YES_AGGRESSIVE;
				CLANG_CXX_LANGUAGE_STANDARD = "gnu++14";
				CLANG_CXX_LIBRARY = "libc++";
				CLANG_ENABLE_MODULES = YES;
				CLANG_ENABLE_OBJC_ARC = YES;
				CLANG_ENABLE_OBJC_WEAK = YES;
				CLANG_WARN_BLOCK_CAPTURE_AUTORELEASING = YES;
				CLANG_WARN_BOOL_CONVERSION = YES;
				CLANG_WARN_COMMA = YES;
				CLANG_WARN_CONSTANT_CONVERSION = YES;
				CLANG_WARN_DEPRECATED_OBJC_IMPLEMENTATIONS = YES;
				CLANG_WARN_DIRECT_OBJC_ISA_USAGE = YES_ERROR;
				CLANG_WARN_DOCUMENTATION_COMMENTS = YES;
				CLANG_WARN_EMPTY_BODY = YES;
				CLANG_WARN_ENUM_CONVERSION = YES;
				CLANG_WARN_INFINITE_RECURSION = YES;
				CLANG_WARN_INT_CONVERSION = YES;
				CLANG_WARN_NON_LITERAL_NULL_CONVERSION = YES;
				CLANG_WARN_OBJC_IMPLICIT_RETAIN_SELF = YES;
				CLANG_WARN_OBJC_LITERAL_CONVERSION = YES;
				CLANG_WARN_OBJC_ROOT_CLASS = YES_ERROR;
				CLANG_WARN_RANGE_LOOP_ANALYSIS = YES;
				CLANG_WARN_STRICT_PROTOTYPES = YES;
				CLANG_WARN_SUSPICIOUS_MOVE = YES;
				CLANG_WARN_UNGUARDED_AVAILABILITY = YES_AGGRESSIVE;
				CLANG_WARN_UNREACHABLE_CODE = YES;
				CLANG_WARN__DUPLICATE_METHOD_MATCH = YES;
				COPY_PHASE_STRIP = NO;
				DEBUG_INFORMATION_FORMAT = dwarf;
				ENABLE_STRICT_OBJC_MSGSEND = YES;
				ENABLE_TESTABILITY = YES;
				GCC_C_LANGUAGE_STANDARD = gnu11;
				GCC_DYNAMIC_NO_PIC = NO;
				GCC_NO_COMMON_BLOCKS = YES;
				GCC_OPTIMIZATION_LEVEL = 0;
				GCC_PREPROCESSOR_DEFINITIONS = (
					"DEBUG=1",
					"$(inherited)",
				);
				GCC_WARN_64_TO_32_BIT_CONVERSION = YES;
				GCC_WARN_ABOUT_RETURN_TYPE = YES_ERROR;
				GCC_WARN_UNDECLARED_SELECTOR = YES;
				GCC_WARN_UNINITIALIZED_AUTOS = YES_AGGRESSIVE;
				GCC_WARN_UNUSED_FUNCTION = YES;
				GCC_WARN_UNUSED_VARIABLE = YES;
				IPHONEOS_DEPLOYMENT_TARGET = 11.4;
				MTL_ENABLE_DEBUG_INFO = INCLUDE_SOURCE;
				MTL_FAST_MATH = YES;
				ONLY_ACTIVE_ARCH = YES;
				SDKROOT = iphoneos;
				SWIFT_ACTIVE_COMPILATION_CONDITIONS = DEBUG;
				SWIFT_OPTIMIZATION_LEVEL = "-Onone";
			};
			name = Debug;
		};
		642974052537B0890022211B /* Release */ = {
			isa = XCBuildConfiguration;
			buildSettings = {
				ALWAYS_SEARCH_USER_PATHS = NO;
				CLANG_ANALYZER_NONNULL = YES;
				CLANG_ANALYZER_NUMBER_OBJECT_CONVERSION = YES_AGGRESSIVE;
				CLANG_CXX_LANGUAGE_STANDARD = "gnu++14";
				CLANG_CXX_LIBRARY = "libc++";
				CLANG_ENABLE_MODULES = YES;
				CLANG_ENABLE_OBJC_ARC = YES;
				CLANG_ENABLE_OBJC_WEAK = YES;
				CLANG_WARN_BLOCK_CAPTURE_AUTORELEASING = YES;
				CLANG_WARN_BOOL_CONVERSION = YES;
				CLANG_WARN_COMMA = YES;
				CLANG_WARN_CONSTANT_CONVERSION = YES;
				CLANG_WARN_DEPRECATED_OBJC_IMPLEMENTATIONS = YES;
				CLANG_WARN_DIRECT_OBJC_ISA_USAGE = YES_ERROR;
				CLANG_WARN_DOCUMENTATION_COMMENTS = YES;
				CLANG_WARN_EMPTY_BODY = YES;
				CLANG_WARN_ENUM_CONVERSION = YES;
				CLANG_WARN_INFINITE_RECURSION = YES;
				CLANG_WARN_INT_CONVERSION = YES;
				CLANG_WARN_NON_LITERAL_NULL_CONVERSION = YES;
				CLANG_WARN_OBJC_IMPLICIT_RETAIN_SELF = YES;
				CLANG_WARN_OBJC_LITERAL_CONVERSION = YES;
				CLANG_WARN_OBJC_ROOT_CLASS = YES_ERROR;
				CLANG_WARN_RANGE_LOOP_ANALYSIS = YES;
				CLANG_WARN_STRICT_PROTOTYPES = YES;
				CLANG_WARN_SUSPICIOUS_MOVE = YES;
				CLANG_WARN_UNGUARDED_AVAILABILITY = YES_AGGRESSIVE;
				CLANG_WARN_UNREACHABLE_CODE = YES;
				CLANG_WARN__DUPLICATE_METHOD_MATCH = YES;
				COPY_PHASE_STRIP = NO;
				DEBUG_INFORMATION_FORMAT = "dwarf-with-dsym";
				ENABLE_NS_ASSERTIONS = NO;
				ENABLE_STRICT_OBJC_MSGSEND = YES;
				GCC_C_LANGUAGE_STANDARD = gnu11;
				GCC_NO_COMMON_BLOCKS = YES;
				GCC_WARN_64_TO_32_BIT_CONVERSION = YES;
				GCC_WARN_ABOUT_RETURN_TYPE = YES_ERROR;
				GCC_WARN_UNDECLARED_SELECTOR = YES;
				GCC_WARN_UNINITIALIZED_AUTOS = YES_AGGRESSIVE;
				GCC_WARN_UNUSED_FUNCTION = YES;
				GCC_WARN_UNUSED_VARIABLE = YES;
				IPHONEOS_DEPLOYMENT_TARGET = 11.4;
				MTL_ENABLE_DEBUG_INFO = NO;
				MTL_FAST_MATH = YES;
				SDKROOT = iphoneos;
				SWIFT_COMPILATION_MODE = wholemodule;
				SWIFT_OPTIMIZATION_LEVEL = "-O";
				VALIDATE_PRODUCT = YES;
			};
			name = Release;
		};
		642974072537B0890022211B /* Debug */ = {
			isa = XCBuildConfiguration;
			baseConfigurationReference = 337A38105CCEB610D20863B4 /* Pods-StargazerDirectory.debug.xcconfig */;
			buildSettings = {
				ASSETCATALOG_COMPILER_APPICON_NAME = AppIcon;
				CODE_SIGN_STYLE = Automatic;
				INFOPLIST_FILE = StargazerDirectory/Info.plist;
				IPHONEOS_DEPLOYMENT_TARGET = 11.4;
				LD_RUNPATH_SEARCH_PATHS = (
					"$(inherited)",
					"@executable_path/Frameworks",
				);
				PRODUCT_BUNDLE_IDENTIFIER = DeeplyMadStudio.StargazerDirectory;
				PRODUCT_NAME = "$(TARGET_NAME)";
				SWIFT_VERSION = 5.0;
				TARGETED_DEVICE_FAMILY = "1,2";
			};
			name = Debug;
		};
		642974082537B0890022211B /* Release */ = {
			isa = XCBuildConfiguration;
			baseConfigurationReference = F5BFD4BD35061EEE03E5D625 /* Pods-StargazerDirectory.release.xcconfig */;
			buildSettings = {
				ASSETCATALOG_COMPILER_APPICON_NAME = AppIcon;
				CODE_SIGN_STYLE = Automatic;
				INFOPLIST_FILE = StargazerDirectory/Info.plist;
				IPHONEOS_DEPLOYMENT_TARGET = 11.4;
				LD_RUNPATH_SEARCH_PATHS = (
					"$(inherited)",
					"@executable_path/Frameworks",
				);
				PRODUCT_BUNDLE_IDENTIFIER = DeeplyMadStudio.StargazerDirectory;
				PRODUCT_NAME = "$(TARGET_NAME)";
				SWIFT_VERSION = 5.0;
				TARGETED_DEVICE_FAMILY = "1,2";
			};
			name = Release;
		};
		6429740A2537B0890022211B /* Debug */ = {
			isa = XCBuildConfiguration;
			baseConfigurationReference = CA7484E9B5152B059C49E415 /* Pods-StargazerDirectoryTests.debug.xcconfig */;
			buildSettings = {
				ALWAYS_EMBED_SWIFT_STANDARD_LIBRARIES = YES;
				BUNDLE_LOADER = "$(TEST_HOST)";
				CODE_SIGN_STYLE = Automatic;
				INFOPLIST_FILE = StargazerDirectoryTests/Info.plist;
				IPHONEOS_DEPLOYMENT_TARGET = 13.2;
				LD_RUNPATH_SEARCH_PATHS = (
					"$(inherited)",
					"@executable_path/Frameworks",
					"@loader_path/Frameworks",
				);
				PRODUCT_BUNDLE_IDENTIFIER = DeeplyMadStudio.StargazerDirectoryTests;
				PRODUCT_NAME = "$(TARGET_NAME)";
				SWIFT_VERSION = 5.0;
				TARGETED_DEVICE_FAMILY = "1,2";
				TEST_HOST = "$(BUILT_PRODUCTS_DIR)/StargazerDirectory.app/StargazerDirectory";
			};
			name = Debug;
		};
		6429740B2537B0890022211B /* Release */ = {
			isa = XCBuildConfiguration;
			baseConfigurationReference = CD325F6901F7E93BBB2DE945 /* Pods-StargazerDirectoryTests.release.xcconfig */;
			buildSettings = {
				ALWAYS_EMBED_SWIFT_STANDARD_LIBRARIES = YES;
				BUNDLE_LOADER = "$(TEST_HOST)";
				CODE_SIGN_STYLE = Automatic;
				INFOPLIST_FILE = StargazerDirectoryTests/Info.plist;
				IPHONEOS_DEPLOYMENT_TARGET = 13.2;
				LD_RUNPATH_SEARCH_PATHS = (
					"$(inherited)",
					"@executable_path/Frameworks",
					"@loader_path/Frameworks",
				);
				PRODUCT_BUNDLE_IDENTIFIER = DeeplyMadStudio.StargazerDirectoryTests;
				PRODUCT_NAME = "$(TARGET_NAME)";
				SWIFT_VERSION = 5.0;
				TARGETED_DEVICE_FAMILY = "1,2";
				TEST_HOST = "$(BUILT_PRODUCTS_DIR)/StargazerDirectory.app/StargazerDirectory";
			};
			name = Release;
		};
		642974492538283A0022211B /* Debug */ = {
			isa = XCBuildConfiguration;
			baseConfigurationReference = 8FAF00F4508882EE4716FB52 /* Pods-Common.debug.xcconfig */;
			buildSettings = {
				CODE_SIGN_STYLE = Automatic;
				CURRENT_PROJECT_VERSION = 1;
				DEFINES_MODULE = YES;
				DYLIB_COMPATIBILITY_VERSION = 1;
				DYLIB_CURRENT_VERSION = 1;
				DYLIB_INSTALL_NAME_BASE = "@rpath";
				INFOPLIST_FILE = Common/Info.plist;
				INSTALL_PATH = "$(LOCAL_LIBRARY_DIR)/Frameworks";
				IPHONEOS_DEPLOYMENT_TARGET = 11.4;
				LD_RUNPATH_SEARCH_PATHS = (
					"$(inherited)",
					"@executable_path/Frameworks",
					"@loader_path/Frameworks",
				);
				PRODUCT_BUNDLE_IDENTIFIER = DeeplyMadStudio.Common;
				PRODUCT_NAME = "$(TARGET_NAME:c99extidentifier)";
				SKIP_INSTALL = YES;
				SWIFT_VERSION = 5.0;
				TARGETED_DEVICE_FAMILY = "1,2";
				VERSIONING_SYSTEM = "apple-generic";
				VERSION_INFO_PREFIX = "";
			};
			name = Debug;
		};
		6429744A2538283A0022211B /* Release */ = {
			isa = XCBuildConfiguration;
			baseConfigurationReference = 6F2A0C016BD62CF53FDE11BE /* Pods-Common.release.xcconfig */;
			buildSettings = {
				CODE_SIGN_STYLE = Automatic;
				CURRENT_PROJECT_VERSION = 1;
				DEFINES_MODULE = YES;
				DYLIB_COMPATIBILITY_VERSION = 1;
				DYLIB_CURRENT_VERSION = 1;
				DYLIB_INSTALL_NAME_BASE = "@rpath";
				INFOPLIST_FILE = Common/Info.plist;
				INSTALL_PATH = "$(LOCAL_LIBRARY_DIR)/Frameworks";
				IPHONEOS_DEPLOYMENT_TARGET = 11.4;
				LD_RUNPATH_SEARCH_PATHS = (
					"$(inherited)",
					"@executable_path/Frameworks",
					"@loader_path/Frameworks",
				);
				PRODUCT_BUNDLE_IDENTIFIER = DeeplyMadStudio.Common;
				PRODUCT_NAME = "$(TARGET_NAME:c99extidentifier)";
				SKIP_INSTALL = YES;
				SWIFT_VERSION = 5.0;
				TARGETED_DEVICE_FAMILY = "1,2";
				VERSIONING_SYSTEM = "apple-generic";
				VERSION_INFO_PREFIX = "";
			};
			name = Release;
		};
		6429744D2538283A0022211B /* Debug */ = {
			isa = XCBuildConfiguration;
			baseConfigurationReference = 4D397297C8B26CCF254E66AC /* Pods-CommonTests.debug.xcconfig */;
			buildSettings = {
				ALWAYS_EMBED_SWIFT_STANDARD_LIBRARIES = YES;
				CODE_SIGN_STYLE = Automatic;
				INFOPLIST_FILE = CommonTests/Info.plist;
				IPHONEOS_DEPLOYMENT_TARGET = 13.2;
				LD_RUNPATH_SEARCH_PATHS = (
					"$(inherited)",
					"@executable_path/Frameworks",
					"@loader_path/Frameworks",
				);
				PRODUCT_BUNDLE_IDENTIFIER = DeeplyMadStudio.CommonTests;
				PRODUCT_NAME = "$(TARGET_NAME)";
				SWIFT_VERSION = 5.0;
				TARGETED_DEVICE_FAMILY = "1,2";
			};
			name = Debug;
		};
		6429744E2538283A0022211B /* Release */ = {
			isa = XCBuildConfiguration;
			baseConfigurationReference = 0B51D2E01FFCB8FE9FB939F1 /* Pods-CommonTests.release.xcconfig */;
			buildSettings = {
				ALWAYS_EMBED_SWIFT_STANDARD_LIBRARIES = YES;
				CODE_SIGN_STYLE = Automatic;
				INFOPLIST_FILE = CommonTests/Info.plist;
				IPHONEOS_DEPLOYMENT_TARGET = 13.2;
				LD_RUNPATH_SEARCH_PATHS = (
					"$(inherited)",
					"@executable_path/Frameworks",
					"@loader_path/Frameworks",
				);
				PRODUCT_BUNDLE_IDENTIFIER = DeeplyMadStudio.CommonTests;
				PRODUCT_NAME = "$(TARGET_NAME)";
				SWIFT_VERSION = 5.0;
				TARGETED_DEVICE_FAMILY = "1,2";
			};
			name = Release;
		};
		6429746C2538286A0022211B /* Debug */ = {
			isa = XCBuildConfiguration;
			baseConfigurationReference = 09ACE4AA76741059F97D7539 /* Pods-Directory.debug.xcconfig */;
			buildSettings = {
				CLANG_ENABLE_MODULES = YES;
				CODE_SIGN_STYLE = Automatic;
				CURRENT_PROJECT_VERSION = 1;
				DEFINES_MODULE = YES;
				DYLIB_COMPATIBILITY_VERSION = 1;
				DYLIB_CURRENT_VERSION = 1;
				DYLIB_INSTALL_NAME_BASE = "@rpath";
				INFOPLIST_FILE = Directory/Info.plist;
				INSTALL_PATH = "$(LOCAL_LIBRARY_DIR)/Frameworks";
				IPHONEOS_DEPLOYMENT_TARGET = 11.4;
				LD_RUNPATH_SEARCH_PATHS = (
					"$(inherited)",
					"@executable_path/Frameworks",
					"@loader_path/Frameworks",
				);
				PRODUCT_BUNDLE_IDENTIFIER = DeeplyMadStudio.Directory;
				PRODUCT_NAME = "$(TARGET_NAME:c99extidentifier)";
				SKIP_INSTALL = YES;
				SWIFT_OPTIMIZATION_LEVEL = "-Onone";
				SWIFT_VERSION = 5.0;
				TARGETED_DEVICE_FAMILY = "1,2";
				VERSIONING_SYSTEM = "apple-generic";
				VERSION_INFO_PREFIX = "";
			};
			name = Debug;
		};
		6429746D2538286A0022211B /* Release */ = {
			isa = XCBuildConfiguration;
			baseConfigurationReference = FCC4550B196CE829145E968B /* Pods-Directory.release.xcconfig */;
			buildSettings = {
				CLANG_ENABLE_MODULES = YES;
				CODE_SIGN_STYLE = Automatic;
				CURRENT_PROJECT_VERSION = 1;
				DEFINES_MODULE = YES;
				DYLIB_COMPATIBILITY_VERSION = 1;
				DYLIB_CURRENT_VERSION = 1;
				DYLIB_INSTALL_NAME_BASE = "@rpath";
				INFOPLIST_FILE = Directory/Info.plist;
				INSTALL_PATH = "$(LOCAL_LIBRARY_DIR)/Frameworks";
				IPHONEOS_DEPLOYMENT_TARGET = 11.4;
				LD_RUNPATH_SEARCH_PATHS = (
					"$(inherited)",
					"@executable_path/Frameworks",
					"@loader_path/Frameworks",
				);
				PRODUCT_BUNDLE_IDENTIFIER = DeeplyMadStudio.Directory;
				PRODUCT_NAME = "$(TARGET_NAME:c99extidentifier)";
				SKIP_INSTALL = YES;
				SWIFT_VERSION = 5.0;
				TARGETED_DEVICE_FAMILY = "1,2";
				VERSIONING_SYSTEM = "apple-generic";
				VERSION_INFO_PREFIX = "";
			};
			name = Release;
		};
		6429746F2538286A0022211B /* Debug */ = {
			isa = XCBuildConfiguration;
			baseConfigurationReference = 41874CCDCF5DDCCCCF81D227 /* Pods-DirectoryTests.debug.xcconfig */;
			buildSettings = {
				CLANG_ENABLE_MODULES = YES;
				CODE_SIGN_STYLE = Automatic;
				INFOPLIST_FILE = DirectoryTests/Info.plist;
				IPHONEOS_DEPLOYMENT_TARGET = 13.2;
				LD_RUNPATH_SEARCH_PATHS = (
					"$(inherited)",
					"@executable_path/Frameworks",
					"@loader_path/Frameworks",
				);
				PRODUCT_BUNDLE_IDENTIFIER = DeeplyMadStudio.DirectoryTests;
				PRODUCT_NAME = "$(TARGET_NAME)";
				SWIFT_OPTIMIZATION_LEVEL = "-Onone";
				SWIFT_VERSION = 5.0;
				TARGETED_DEVICE_FAMILY = "1,2";
			};
			name = Debug;
		};
		642974702538286A0022211B /* Release */ = {
			isa = XCBuildConfiguration;
			baseConfigurationReference = 105734B3DAF8D4F357EF3D3F /* Pods-DirectoryTests.release.xcconfig */;
			buildSettings = {
				CLANG_ENABLE_MODULES = YES;
				CODE_SIGN_STYLE = Automatic;
				INFOPLIST_FILE = DirectoryTests/Info.plist;
				IPHONEOS_DEPLOYMENT_TARGET = 13.2;
				LD_RUNPATH_SEARCH_PATHS = (
					"$(inherited)",
					"@executable_path/Frameworks",
					"@loader_path/Frameworks",
				);
				PRODUCT_BUNDLE_IDENTIFIER = DeeplyMadStudio.DirectoryTests;
				PRODUCT_NAME = "$(TARGET_NAME)";
				SWIFT_VERSION = 5.0;
				TARGETED_DEVICE_FAMILY = "1,2";
			};
			name = Release;
		};
/* End XCBuildConfiguration section */

/* Begin XCConfigurationList section */
		642973E22537B0870022211B /* Build configuration list for PBXProject "StargazerDirectory" */ = {
			isa = XCConfigurationList;
			buildConfigurations = (
				642974042537B0890022211B /* Debug */,
				642974052537B0890022211B /* Release */,
			);
			defaultConfigurationIsVisible = 0;
			defaultConfigurationName = Release;
		};
		642974062537B0890022211B /* Build configuration list for PBXNativeTarget "StargazerDirectory" */ = {
			isa = XCConfigurationList;
			buildConfigurations = (
				642974072537B0890022211B /* Debug */,
				642974082537B0890022211B /* Release */,
			);
			defaultConfigurationIsVisible = 0;
			defaultConfigurationName = Release;
		};
		642974092537B0890022211B /* Build configuration list for PBXNativeTarget "StargazerDirectoryTests" */ = {
			isa = XCConfigurationList;
			buildConfigurations = (
				6429740A2537B0890022211B /* Debug */,
				6429740B2537B0890022211B /* Release */,
			);
			defaultConfigurationIsVisible = 0;
			defaultConfigurationName = Release;
		};
		642974482538283A0022211B /* Build configuration list for PBXNativeTarget "Common" */ = {
			isa = XCConfigurationList;
			buildConfigurations = (
				642974492538283A0022211B /* Debug */,
				6429744A2538283A0022211B /* Release */,
			);
			defaultConfigurationIsVisible = 0;
			defaultConfigurationName = Release;
		};
		6429744C2538283A0022211B /* Build configuration list for PBXNativeTarget "CommonTests" */ = {
			isa = XCConfigurationList;
			buildConfigurations = (
				6429744D2538283A0022211B /* Debug */,
				6429744E2538283A0022211B /* Release */,
			);
			defaultConfigurationIsVisible = 0;
			defaultConfigurationName = Release;
		};
		6429746B2538286A0022211B /* Build configuration list for PBXNativeTarget "Directory" */ = {
			isa = XCConfigurationList;
			buildConfigurations = (
				6429746C2538286A0022211B /* Debug */,
				6429746D2538286A0022211B /* Release */,
			);
			defaultConfigurationIsVisible = 0;
			defaultConfigurationName = Release;
		};
		6429746E2538286A0022211B /* Build configuration list for PBXNativeTarget "DirectoryTests" */ = {
			isa = XCConfigurationList;
			buildConfigurations = (
				6429746F2538286A0022211B /* Debug */,
				642974702538286A0022211B /* Release */,
			);
			defaultConfigurationIsVisible = 0;
			defaultConfigurationName = Release;
		};
/* End XCConfigurationList section */
	};
	rootObject = 642973DF2537B0870022211B /* Project object */;
}
