PODS:
  - Kingfisher (5.15.6):
    - Kingfisher/Core (= 5.15.6)
  - Kingfisher/Core (5.15.6)

DEPENDENCIES:
  - Kingfisher (= 5.15.6)

SPEC REPOS:
  https://github.com/CocoaPods/Specs.git:
    - Kingfisher

SPEC CHECKSUMS:
  Kingfisher: b3554e7bf6106115b44e8795300bad580ef2fdc7

PODFILE CHECKSUM: 403139a8697af6626dfb752697e0e808a41c9b2d

COCOAPODS: 1.9.3
